// !$*UTF8*$!
{
	archiveVersion = 1;
	classes = {
	};
	objectVersion = 56;
	objects = {

/* Begin PBXBuildFile section */
		33D6E2922C108095003F4A5A /* LOTRApp.swift in Sources */ = {isa = PBXBuildFile; fileRef = 33D6E2912C108095003F4A5A /* LOTRApp.swift */; };
		33D6E2942C108095003F4A5A /* ContentView.swift in Sources */ = {isa = PBXBuildFile; fileRef = 33D6E2932C108095003F4A5A /* ContentView.swift */; };
		33D6E2962C108096003F4A5A /* Assets.xcassets in Resources */ = {isa = PBXBuildFile; fileRef = 33D6E2952C108096003F4A5A /* Assets.xcassets */; };
		33D6E2992C108096003F4A5A /* Preview Assets.xcassets in Resources */ = {isa = PBXBuildFile; fileRef = 33D6E2982C108096003F4A5A /* Preview Assets.xcassets */; };
		33D6E2A32C108096003F4A5A /* LOTRTests.swift in Sources */ = {isa = PBXBuildFile; fileRef = 33D6E2A22C108096003F4A5A /* LOTRTests.swift */; };
		33D6E2AD2C108096003F4A5A /* LOTRUITests.swift in Sources */ = {isa = PBXBuildFile; fileRef = 33D6E2AC2C108096003F4A5A /* LOTRUITests.swift */; };
		33D6E2AF2C108096003F4A5A /* LOTRUITestsLaunchTests.swift in Sources */ = {isa = PBXBuildFile; fileRef = 33D6E2AE2C108096003F4A5A /* LOTRUITestsLaunchTests.swift */; };
/* End PBXBuildFile section */

/* Begin PBXContainerItemProxy section */
		33D6E29F2C108096003F4A5A /* PBXContainerItemProxy */ = {
			isa = PBXContainerItemProxy;
			containerPortal = 33D6E2862C108095003F4A5A /* Project object */;
			proxyType = 1;
			remoteGlobalIDString = 33D6E28D2C108095003F4A5A;
			remoteInfo = LOTR;
		};
		33D6E2A92C108096003F4A5A /* PBXContainerItemProxy */ = {
			isa = PBXContainerItemProxy;
			containerPortal = 33D6E2862C108095003F4A5A /* Project object */;
			proxyType = 1;
			remoteGlobalIDString = 33D6E28D2C108095003F4A5A;
			remoteInfo = LOTR;
		};
/* End PBXContainerItemProxy section */

/* Begin PBXFileReference section */
		33D6E28E2C108095003F4A5A /* LOTR.app */ = {isa = PBXFileReference; explicitFileType = wrapper.application; includeInIndex = 0; path = LOTR.app; sourceTree = BUILT_PRODUCTS_DIR; };
		33D6E2912C108095003F4A5A /* LOTRApp.swift */ = {isa = PBXFileReference; lastKnownFileType = sourcecode.swift; path = LOTRApp.swift; sourceTree = "<group>"; };
		33D6E2932C108095003F4A5A /* ContentView.swift */ = {isa = PBXFileReference; lastKnownFileType = sourcecode.swift; path = ContentView.swift; sourceTree = "<group>"; };
		33D6E2952C108096003F4A5A /* Assets.xcassets */ = {isa = PBXFileReference; lastKnownFileType = folder.assetcatalog; path = Assets.xcassets; sourceTree = "<group>"; };
		33D6E2982C108096003F4A5A /* Preview Assets.xcassets */ = {isa = PBXFileReference; lastKnownFileType = folder.assetcatalog; path = "Preview Assets.xcassets"; sourceTree = "<group>"; };
		33D6E29E2C108096003F4A5A /* LOTRTests.xctest */ = {isa = PBXFileReference; explicitFileType = wrapper.cfbundle; includeInIndex = 0; path = LOTRTests.xctest; sourceTree = BUILT_PRODUCTS_DIR; };
		33D6E2A22C108096003F4A5A /* LOTRTests.swift */ = {isa = PBXFileReference; lastKnownFileType = sourcecode.swift; path = LOTRTests.swift; sourceTree = "<group>"; };
		33D6E2A82C108096003F4A5A /* LOTRUITests.xctest */ = {isa = PBXFileReference; explicitFileType = wrapper.cfbundle; includeInIndex = 0; path = LOTRUITests.xctest; sourceTree = BUILT_PRODUCTS_DIR; };
		33D6E2AC2C108096003F4A5A /* LOTRUITests.swift */ = {isa = PBXFileReference; lastKnownFileType = sourcecode.swift; path = LOTRUITests.swift; sourceTree = "<group>"; };
		33D6E2AE2C108096003F4A5A /* LOTRUITestsLaunchTests.swift */ = {isa = PBXFileReference; lastKnownFileType = sourcecode.swift; path = LOTRUITestsLaunchTests.swift; sourceTree = "<group>"; };
/* End PBXFileReference section */

/* Begin PBXFrameworksBuildPhase section */
		33D6E28B2C108095003F4A5A /* Frameworks */ = {
			isa = PBXFrameworksBuildPhase;
			buildActionMask = 2147483647;
			files = (
			);
			runOnlyForDeploymentPostprocessing = 0;
		};
		33D6E29B2C108096003F4A5A /* Frameworks */ = {
			isa = PBXFrameworksBuildPhase;
			buildActionMask = 2147483647;
			files = (
			);
			runOnlyForDeploymentPostprocessing = 0;
		};
		33D6E2A52C108096003F4A5A /* Frameworks */ = {
			isa = PBXFrameworksBuildPhase;
			buildActionMask = 2147483647;
			files = (
			);
			runOnlyForDeploymentPostprocessing = 0;
		};
/* End PBXFrameworksBuildPhase section */

/* Begin PBXGroup section */
		33D6E2852C108095003F4A5A = {
			isa = PBXGroup;
			children = (
				33D6E2902C108095003F4A5A /* LOTR */,
				33D6E2A12C108096003F4A5A /* LOTRTests */,
				33D6E2AB2C108096003F4A5A /* LOTRUITests */,
				33D6E28F2C108095003F4A5A /* Products */,
			);
			sourceTree = "<group>";
		};
		33D6E28F2C108095003F4A5A /* Products */ = {
			isa = PBXGroup;
			children = (
				33D6E28E2C108095003F4A5A /* LOTR.app */,
				33D6E29E2C108096003F4A5A /* LOTRTests.xctest */,
				33D6E2A82C108096003F4A5A /* LOTRUITests.xctest */,
			);
			name = Products;
			sourceTree = "<group>";
		};
		33D6E2902C108095003F4A5A /* LOTR */ = {
			isa = PBXGroup;
			children = (
				33D6E2912C108095003F4A5A /* LOTRApp.swift */,
				33D6E2932C108095003F4A5A /* ContentView.swift */,
				33D6E2952C108096003F4A5A /* Assets.xcassets */,
				33D6E2972C108096003F4A5A /* Preview Content */,
			);
			path = LOTR;
			sourceTree = "<group>";
		};
		33D6E2972C108096003F4A5A /* Preview Content */ = {
			isa = PBXGroup;
			children = (
				33D6E2982C108096003F4A5A /* Preview Assets.xcassets */,
			);
			path = "Preview Content";
			sourceTree = "<group>";
		};
		33D6E2A12C108096003F4A5A /* LOTRTests */ = {
			isa = PBXGroup;
			children = (
				33D6E2A22C108096003F4A5A /* LOTRTests.swift */,
			);
			path = LOTRTests;
			sourceTree = "<group>";
		};
		33D6E2AB2C108096003F4A5A /* LOTRUITests */ = {
			isa = PBXGroup;
			children = (
				33D6E2AC2C108096003F4A5A /* LOTRUITests.swift */,
				33D6E2AE2C108096003F4A5A /* LOTRUITestsLaunchTests.swift */,
			);
			path = LOTRUITests;
			sourceTree = "<group>";
		};
/* End PBXGroup section */

/* Begin PBXNativeTarget section */
		33D6E28D2C108095003F4A5A /* LOTR */ = {
			isa = PBXNativeTarget;
			buildConfigurationList = 33D6E2B22C108096003F4A5A /* Build configuration list for PBXNativeTarget "LOTR" */;
			buildPhases = (
				33D6E28A2C108095003F4A5A /* Sources */,
				33D6E28B2C108095003F4A5A /* Frameworks */,
				33D6E28C2C108095003F4A5A /* Resources */,
			);
			buildRules = (
			);
			dependencies = (
			);
			name = LOTR;
			productName = LOTR;
			productReference = 33D6E28E2C108095003F4A5A /* LOTR.app */;
			productType = "com.apple.product-type.application";
		};
		33D6E29D2C108096003F4A5A /* LOTRTests */ = {
			isa = PBXNativeTarget;
			buildConfigurationList = 33D6E2B52C108096003F4A5A /* Build configuration list for PBXNativeTarget "LOTRTests" */;
			buildPhases = (
				33D6E29A2C108096003F4A5A /* Sources */,
				33D6E29B2C108096003F4A5A /* Frameworks */,
				33D6E29C2C108096003F4A5A /* Resources */,
			);
			buildRules = (
			);
			dependencies = (
				33D6E2A02C108096003F4A5A /* PBXTargetDependency */,
			);
			name = LOTRTests;
			productName = LOTRTests;
			productReference = 33D6E29E2C108096003F4A5A /* LOTRTests.xctest */;
			productType = "com.apple.product-type.bundle.unit-test";
		};
		33D6E2A72C108096003F4A5A /* LOTRUITests */ = {
			isa = PBXNativeTarget;
			buildConfigurationList = 33D6E2B82C108096003F4A5A /* Build configuration list for PBXNativeTarget "LOTRUITests" */;
			buildPhases = (
				33D6E2A42C108096003F4A5A /* Sources */,
				33D6E2A52C108096003F4A5A /* Frameworks */,
				33D6E2A62C108096003F4A5A /* Resources */,
			);
			buildRules = (
			);
			dependencies = (
				33D6E2AA2C108096003F4A5A /* PBXTargetDependency */,
			);
			name = LOTRUITests;
			productName = LOTRUITests;
			productReference = 33D6E2A82C108096003F4A5A /* LOTRUITests.xctest */;
			productType = "com.apple.product-type.bundle.ui-testing";
		};
/* End PBXNativeTarget section */

/* Begin PBXProject section */
		33D6E2862C108095003F4A5A /* Project object */ = {
			isa = PBXProject;
			attributes = {
				BuildIndependentTargetsInParallel = 1;
				LastSwiftUpdateCheck = 1540;
				LastUpgradeCheck = 1540;
				TargetAttributes = {
					33D6E28D2C108095003F4A5A = {
						CreatedOnToolsVersion = 15.4;
					};
					33D6E29D2C108096003F4A5A = {
						CreatedOnToolsVersion = 15.4;
						TestTargetID = 33D6E28D2C108095003F4A5A;
					};
					33D6E2A72C108096003F4A5A = {
						CreatedOnToolsVersion = 15.4;
						TestTargetID = 33D6E28D2C108095003F4A5A;
					};
				};
			};
			buildConfigurationList = 33D6E2892C108095003F4A5A /* Build configuration list for PBXProject "LOTR" */;
			compatibilityVersion = "Xcode 14.0";
			developmentRegion = en;
			hasScannedForEncodings = 0;
			knownRegions = (
				en,
				Base,
			);
			mainGroup = 33D6E2852C108095003F4A5A;
			productRefGroup = 33D6E28F2C108095003F4A5A /* Products */;
			projectDirPath = "";
			projectRoot = "";
			targets = (
				33D6E28D2C108095003F4A5A /* LOTR */,
				33D6E29D2C108096003F4A5A /* LOTRTests */,
				33D6E2A72C108096003F4A5A /* LOTRUITests */,
			);
		};
/* End PBXProject section */

/* Begin PBXResourcesBuildPhase section */
		33D6E28C2C108095003F4A5A /* Resources */ = {
			isa = PBXResourcesBuildPhase;
			buildActionMask = 2147483647;
			files = (
				33D6E2992C108096003F4A5A /* Preview Assets.xcassets in Resources */,
				33D6E2962C108096003F4A5A /* Assets.xcassets in Resources */,
			);
			runOnlyForDeploymentPostprocessing = 0;
		};
		33D6E29C2C108096003F4A5A /* Resources */ = {
			isa = PBXResourcesBuildPhase;
			buildActionMask = 2147483647;
			files = (
			);
			runOnlyForDeploymentPostprocessing = 0;
		};
		33D6E2A62C108096003F4A5A /* Resources */ = {
			isa = PBXResourcesBuildPhase;
			buildActionMask = 2147483647;
			files = (
			);
			runOnlyForDeploymentPostprocessing = 0;
		};
/* End PBXResourcesBuildPhase section */

/* Begin PBXSourcesBuildPhase section */
		33D6E28A2C108095003F4A5A /* Sources */ = {
			isa = PBXSourcesBuildPhase;
			buildActionMask = 2147483647;
			files = (
				33D6E2942C108095003F4A5A /* ContentView.swift in Sources */,
				33D6E2922C108095003F4A5A /* LOTRApp.swift in Sources */,
			);
			runOnlyForDeploymentPostprocessing = 0;
		};
		33D6E29A2C108096003F4A5A /* Sources */ = {
			isa = PBXSourcesBuildPhase;
			buildActionMask = 2147483647;
			files = (
				33D6E2A32C108096003F4A5A /* LOTRTests.swift in Sources */,
			);
			runOnlyForDeploymentPostprocessing = 0;
		};
		33D6E2A42C108096003F4A5A /* Sources */ = {
			isa = PBXSourcesBuildPhase;
			buildActionMask = 2147483647;
			files = (
				33D6E2AD2C108096003F4A5A /* LOTRUITests.swift in Sources */,
				33D6E2AF2C108096003F4A5A /* LOTRUITestsLaunchTests.swift in Sources */,
			);
			runOnlyForDeploymentPostprocessing = 0;
		};
/* End PBXSourcesBuildPhase section */

/* Begin PBXTargetDependency section */
		33D6E2A02C108096003F4A5A /* PBXTargetDependency */ = {
			isa = PBXTargetDependency;
			target = 33D6E28D2C108095003F4A5A /* LOTR */;
			targetProxy = 33D6E29F2C108096003F4A5A /* PBXContainerItemProxy */;
		};
		33D6E2AA2C108096003F4A5A /* PBXTargetDependency */ = {
			isa = PBXTargetDependency;
			target = 33D6E28D2C108095003F4A5A /* LOTR */;
			targetProxy = 33D6E2A92C108096003F4A5A /* PBXContainerItemProxy */;
		};
/* End PBXTargetDependency section */

/* Begin XCBuildConfiguration section */
		33D6E2B02C108096003F4A5A /* Debug */ = {
			isa = XCBuildConfiguration;
			buildSettings = {
				ALWAYS_SEARCH_USER_PATHS = NO;
				ASSETCATALOG_COMPILER_GENERATE_SWIFT_ASSET_SYMBOL_EXTENSIONS = YES;
				CLANG_ANALYZER_NONNULL = YES;
				CLANG_ANALYZER_NUMBER_OBJECT_CONVERSION = YES_AGGRESSIVE;
				CLANG_CXX_LANGUAGE_STANDARD = "gnu++20";
				CLANG_ENABLE_MODULES = YES;
				CLANG_ENABLE_OBJC_ARC = YES;
				CLANG_ENABLE_OBJC_WEAK = YES;
				CLANG_WARN_BLOCK_CAPTURE_AUTORELEASING = YES;
				CLANG_WARN_BOOL_CONVERSION = YES;
				CLANG_WARN_COMMA = YES;
				CLANG_WARN_CONSTANT_CONVERSION = YES;
				CLANG_WARN_DEPRECATED_OBJC_IMPLEMENTATIONS = YES;
				CLANG_WARN_DIRECT_OBJC_ISA_USAGE = YES_ERROR;
				CLANG_WARN_DOCUMENTATION_COMMENTS = YES;
				CLANG_WARN_EMPTY_BODY = YES;
				CLANG_WARN_ENUM_CONVERSION = YES;
				CLANG_WARN_INFINITE_RECURSION = YES;
				CLANG_WARN_INT_CONVERSION = YES;
				CLANG_WARN_NON_LITERAL_NULL_CONVERSION = YES;
				CLANG_WARN_OBJC_IMPLICIT_RETAIN_SELF = YES;
				CLANG_WARN_OBJC_LITERAL_CONVERSION = YES;
				CLANG_WARN_OBJC_ROOT_CLASS = YES_ERROR;
				CLANG_WARN_QUOTED_INCLUDE_IN_FRAMEWORK_HEADER = YES;
				CLANG_WARN_RANGE_LOOP_ANALYSIS = YES;
				CLANG_WARN_STRICT_PROTOTYPES = YES;
				CLANG_WARN_SUSPICIOUS_MOVE = YES;
				CLANG_WARN_UNGUARDED_AVAILABILITY = YES_AGGRESSIVE;
				CLANG_WARN_UNREACHABLE_CODE = YES;
				CLANG_WARN__DUPLICATE_METHOD_MATCH = YES;
				COPY_PHASE_STRIP = NO;
				DEBUG_INFORMATION_FORMAT = dwarf;
				ENABLE_STRICT_OBJC_MSGSEND = YES;
				ENABLE_TESTABILITY = YES;
				ENABLE_USER_SCRIPT_SANDBOXING = YES;
				GCC_C_LANGUAGE_STANDARD = gnu17;
				GCC_DYNAMIC_NO_PIC = NO;
				GCC_NO_COMMON_BLOCKS = YES;
				GCC_OPTIMIZATION_LEVEL = 0;
				GCC_PREPROCESSOR_DEFINITIONS = (
					"DEBUG=1",
					"$(inherited)",
				);
				GCC_WARN_64_TO_32_BIT_CONVERSION = YES;
				GCC_WARN_ABOUT_RETURN_TYPE = YES_ERROR;
				GCC_WARN_UNDECLARED_SELECTOR = YES;
				GCC_WARN_UNINITIALIZED_AUTOS = YES_AGGRESSIVE;
				GCC_WARN_UNUSED_FUNCTION = YES;
				GCC_WARN_UNUSED_VARIABLE = YES;
				IPHONEOS_DEPLOYMENT_TARGET = 17.5;
				LOCALIZATION_PREFERS_STRING_CATALOGS = YES;
				MTL_ENABLE_DEBUG_INFO = INCLUDE_SOURCE;
				MTL_FAST_MATH = YES;
				ONLY_ACTIVE_ARCH = YES;
				SDKROOT = iphoneos;
				SWIFT_ACTIVE_COMPILATION_CONDITIONS = "DEBUG $(inherited)";
				SWIFT_OPTIMIZATION_LEVEL = "-Onone";
			};
			name = Debug;
		};
		33D6E2B12C108096003F4A5A /* Release */ = {
			isa = XCBuildConfiguration;
			buildSettings = {
				ALWAYS_SEARCH_USER_PATHS = NO;
				ASSETCATALOG_COMPILER_GENERATE_SWIFT_ASSET_SYMBOL_EXTENSIONS = YES;
				CLANG_ANALYZER_NONNULL = YES;
				CLANG_ANALYZER_NUMBER_OBJECT_CONVERSION = YES_AGGRESSIVE;
				CLANG_CXX_LANGUAGE_STANDARD = "gnu++20";
				CLANG_ENABLE_MODULES = YES;
				CLANG_ENABLE_OBJC_ARC = YES;
				CLANG_ENABLE_OBJC_WEAK = YES;
				CLANG_WARN_BLOCK_CAPTURE_AUTORELEASING = YES;
				CLANG_WARN_BOOL_CONVERSION = YES;
				CLANG_WARN_COMMA = YES;
				CLANG_WARN_CONSTANT_CONVERSION = YES;
				CLANG_WARN_DEPRECATED_OBJC_IMPLEMENTATIONS = YES;
				CLANG_WARN_DIRECT_OBJC_ISA_USAGE = YES_ERROR;
				CLANG_WARN_DOCUMENTATION_COMMENTS = YES;
				CLANG_WARN_EMPTY_BODY = YES;
				CLANG_WARN_ENUM_CONVERSION = YES;
				CLANG_WARN_INFINITE_RECURSION = YES;
				CLANG_WARN_INT_CONVERSION = YES;
				CLANG_WARN_NON_LITERAL_NULL_CONVERSION = YES;
				CLANG_WARN_OBJC_IMPLICIT_RETAIN_SELF = YES;
				CLANG_WARN_OBJC_LITERAL_CONVERSION = YES;
				CLANG_WARN_OBJC_ROOT_CLASS = YES_ERROR;
				CLANG_WARN_QUOTED_INCLUDE_IN_FRAMEWORK_HEADER = YES;
				CLANG_WARN_RANGE_LOOP_ANALYSIS = YES;
				CLANG_WARN_STRICT_PROTOTYPES = YES;
				CLANG_WARN_SUSPICIOUS_MOVE = YES;
				CLANG_WARN_UNGUARDED_AVAILABILITY = YES_AGGRESSIVE;
				CLANG_WARN_UNREACHABLE_CODE = YES;
				CLANG_WARN__DUPLICATE_METHOD_MATCH = YES;
				COPY_PHASE_STRIP = NO;
				DEBUG_INFORMATION_FORMAT = "dwarf-with-dsym";
				ENABLE_NS_ASSERTIONS = NO;
				ENABLE_STRICT_OBJC_MSGSEND = YES;
				ENABLE_USER_SCRIPT_SANDBOXING = YES;
				GCC_C_LANGUAGE_STANDARD = gnu17;
				GCC_NO_COMMON_BLOCKS = YES;
				GCC_WARN_64_TO_32_BIT_CONVERSION = YES;
				GCC_WARN_ABOUT_RETURN_TYPE = YES_ERROR;
				GCC_WARN_UNDECLARED_SELECTOR = YES;
				GCC_WARN_UNINITIALIZED_AUTOS = YES_AGGRESSIVE;
				GCC_WARN_UNUSED_FUNCTION = YES;
				GCC_WARN_UNUSED_VARIABLE = YES;
				IPHONEOS_DEPLOYMENT_TARGET = 17.5;
				LOCALIZATION_PREFERS_STRING_CATALOGS = YES;
				MTL_ENABLE_DEBUG_INFO = NO;
				MTL_FAST_MATH = YES;
				SDKROOT = iphoneos;
				SWIFT_COMPILATION_MODE = wholemodule;
				VALIDATE_PRODUCT = YES;
			};
			name = Release;
		};
		33D6E2B32C108096003F4A5A /* Debug */ = {
			isa = XCBuildConfiguration;
			buildSettings = {
				ASSETCATALOG_COMPILER_APPICON_NAME = AppIcon;
				ASSETCATALOG_COMPILER_GLOBAL_ACCENT_COLOR_NAME = AccentColor;
				CODE_SIGN_STYLE = Automatic;
				CURRENT_PROJECT_VERSION = 1;
				DEVELOPMENT_ASSET_PATHS = "\"LOTR/Preview Content\"";
				ENABLE_PREVIEWS = YES;
				GENERATE_INFOPLIST_FILE = YES;
				INFOPLIST_KEY_UIApplicationSceneManifest_Generation = YES;
				INFOPLIST_KEY_UIApplicationSupportsIndirectInputEvents = YES;
				INFOPLIST_KEY_UILaunchScreen_Generation = YES;
				INFOPLIST_KEY_UISupportedInterfaceOrientations_iPad = "UIInterfaceOrientationPortrait UIInterfaceOrientationPortraitUpsideDown UIInterfaceOrientationLandscapeLeft UIInterfaceOrientationLandscapeRight";
				INFOPLIST_KEY_UISupportedInterfaceOrientations_iPhone = "UIInterfaceOrientationPortrait UIInterfaceOrientationLandscapeLeft UIInterfaceOrientationLandscapeRight";
				LD_RUNPATH_SEARCH_PATHS = (
					"$(inherited)",
					"@executable_path/Frameworks",
				);
				MARKETING_VERSION = 1.0;
				PRODUCT_BUNDLE_IDENTIFIER = com.golu.LOTR;
				PRODUCT_NAME = "$(TARGET_NAME)";
				SWIFT_EMIT_LOC_STRINGS = YES;
				SWIFT_VERSION = 5.0;
				TARGETED_DEVICE_FAMILY = "1,2";
			};
			name = Debug;
		};
		33D6E2B42C108096003F4A5A /* Release */ = {
			isa = XCBuildConfiguration;
			buildSettings = {
				ASSETCATALOG_COMPILER_APPICON_NAME = AppIcon;
				ASSETCATALOG_COMPILER_GLOBAL_ACCENT_COLOR_NAME = AccentColor;
				CODE_SIGN_STYLE = Automatic;
				CURRENT_PROJECT_VERSION = 1;
				DEVELOPMENT_ASSET_PATHS = "\"LOTR/Preview Content\"";
				ENABLE_PREVIEWS = YES;
				GENERATE_INFOPLIST_FILE = YES;
				INFOPLIST_KEY_UIApplicationSceneManifest_Generation = YES;
				INFOPLIST_KEY_UIApplicationSupportsIndirectInputEvents = YES;
				INFOPLIST_KEY_UILaunchScreen_Generation = YES;
				INFOPLIST_KEY_UISupportedInterfaceOrientations_iPad = "UIInterfaceOrientationPortrait UIInterfaceOrientationPortraitUpsideDown UIInterfaceOrientationLandscapeLeft UIInterfaceOrientationLandscapeRight";
				INFOPLIST_KEY_UISupportedInterfaceOrientations_iPhone = "UIInterfaceOrientationPortrait UIInterfaceOrientationLandscapeLeft UIInterfaceOrientationLandscapeRight";
				LD_RUNPATH_SEARCH_PATHS = (
					"$(inherited)",
					"@executable_path/Frameworks",
				);
				MARKETING_VERSION = 1.0;
				PRODUCT_BUNDLE_IDENTIFIER = com.golu.LOTR;
				PRODUCT_NAME = "$(TARGET_NAME)";
				SWIFT_EMIT_LOC_STRINGS = YES;
				SWIFT_VERSION = 5.0;
				TARGETED_DEVICE_FAMILY = "1,2";
			};
			name = Release;
		};
		33D6E2B62C108096003F4A5A /* Debug */ = {
			isa = XCBuildConfiguration;
			buildSettings = {
				ALWAYS_EMBED_SWIFT_STANDARD_LIBRARIES = YES;
				BUNDLE_LOADER = "$(TEST_HOST)";
				CODE_SIGN_STYLE = Automatic;
				CURRENT_PROJECT_VERSION = 1;
				GENERATE_INFOPLIST_FILE = YES;
				IPHONEOS_DEPLOYMENT_TARGET = 17.5;
				MARKETING_VERSION = 1.0;
				PRODUCT_BUNDLE_IDENTIFIER = com.golu.LOTRTests;
				PRODUCT_NAME = "$(TARGET_NAME)";
				SWIFT_EMIT_LOC_STRINGS = NO;
				SWIFT_VERSION = 5.0;
				TARGETED_DEVICE_FAMILY = "1,2";
				TEST_HOST = "$(BUILT_PRODUCTS_DIR)/LOTR.app/$(BUNDLE_EXECUTABLE_FOLDER_PATH)/LOTR";
			};
			name = Debug;
		};
		33D6E2B72C108096003F4A5A /* Release */ = {
			isa = XCBuildConfiguration;
			buildSettings = {
				ALWAYS_EMBED_SWIFT_STANDARD_LIBRARIES = YES;
				BUNDLE_LOADER = "$(TEST_HOST)";
				CODE_SIGN_STYLE = Automatic;
				CURRENT_PROJECT_VERSION = 1;
				GENERATE_INFOPLIST_FILE = YES;
				IPHONEOS_DEPLOYMENT_TARGET = 17.5;
				MARKETING_VERSION = 1.0;
				PRODUCT_BUNDLE_IDENTIFIER = com.golu.LOTRTests;
				PRODUCT_NAME = "$(TARGET_NAME)";
				SWIFT_EMIT_LOC_STRINGS = NO;
				SWIFT_VERSION = 5.0;
				TARGETED_DEVICE_FAMILY = "1,2";
				TEST_HOST = "$(BUILT_PRODUCTS_DIR)/LOTR.app/$(BUNDLE_EXECUTABLE_FOLDER_PATH)/LOTR";
			};
			name = Release;
		};
		33D6E2B92C108096003F4A5A /* Debug */ = {
			isa = XCBuildConfiguration;
			buildSettings = {
				ALWAYS_EMBED_SWIFT_STANDARD_LIBRARIES = YES;
				CODE_SIGN_STYLE = Automatic;
				CURRENT_PROJECT_VERSION = 1;
				GENERATE_INFOPLIST_FILE = YES;
				MARKETING_VERSION = 1.0;
				PRODUCT_BUNDLE_IDENTIFIER = com.golu.LOTRUITests;
				PRODUCT_NAME = "$(TARGET_NAME)";
				SWIFT_EMIT_LOC_STRINGS = NO;
				SWIFT_VERSION = 5.0;
				TARGETED_DEVICE_FAMILY = "1,2";
				TEST_TARGET_NAME = LOTR;
			};
			name = Debug;
		};
		33D6E2BA2C108096003F4A5A /* Release */ = {
			isa = XCBuildConfiguration;
			buildSettings = {
				ALWAYS_EMBED_SWIFT_STANDARD_LIBRARIES = YES;
				CODE_SIGN_STYLE = Automatic;
				CURRENT_PROJECT_VERSION = 1;
				GENERATE_INFOPLIST_FILE = YES;
				MARKETING_VERSION = 1.0;
				PRODUCT_BUNDLE_IDENTIFIER = com.golu.LOTRUITests;
				PRODUCT_NAME = "$(TARGET_NAME)";
				SWIFT_EMIT_LOC_STRINGS = NO;
				SWIFT_VERSION = 5.0;
				TARGETED_DEVICE_FAMILY = "1,2";
				TEST_TARGET_NAME = LOTR;
			};
			name = Release;
		};
/* End XCBuildConfiguration section */

/* Begin XCConfigurationList section */
		33D6E2892C108095003F4A5A /* Build configuration list for PBXProject "LOTR" */ = {
			isa = XCConfigurationList;
			buildConfigurations = (
				33D6E2B02C108096003F4A5A /* Debug */,
				33D6E2B12C108096003F4A5A /* Release */,
			);
			defaultConfigurationIsVisible = 0;
			defaultConfigurationName = Release;
		};
		33D6E2B22C108096003F4A5A /* Build configuration list for PBXNativeTarget "LOTR" */ = {
			isa = XCConfigurationList;
			buildConfigurations = (
				33D6E2B32C108096003F4A5A /* Debug */,
				33D6E2B42C108096003F4A5A /* Release */,
			);
			defaultConfigurationIsVisible = 0;
			defaultConfigurationName = Release;
		};
		33D6E2B52C108096003F4A5A /* Build configuration list for PBXNativeTarget "LOTRTests" */ = {
			isa = XCConfigurationList;
			buildConfigurations = (
				33D6E2B62C108096003F4A5A /* Debug */,
				33D6E2B72C108096003F4A5A /* Release */,
			);
			defaultConfigurationIsVisible = 0;
			defaultConfigurationName = Release;
		};
		33D6E2B82C108096003F4A5A /* Build configuration list for PBXNativeTarget "LOTRUITests" */ = {
			isa = XCConfigurationList;
			buildConfigurations = (
				33D6E2B92C108096003F4A5A /* Debug */,
				33D6E2BA2C108096003F4A5A /* Release */,
			);
			defaultConfigurationIsVisible = 0;
			defaultConfigurationName = Release;
		};
/* End XCConfigurationList section */
	};
	rootObject = 33D6E2862C108095003F4A5A /* Project object */;
}
